{
  "name": "vuesocketio",
  "version": "1.0.0",
  "lockfileVersion": 1,
  "requires": true,
  "dependencies": {
    "@types/node": {
      "version": "10.3.0",
      "resolved": "https://registry.npmjs.org/@types/node/-/node-10.3.0.tgz",
      "integrity": "sha512-hWzNviaVFIr1TqcRA8ou49JaSHp+Rfabmnqg2kNvusKqLhPU0rIsGPUj5WJJ7ld4Bb7qdgLmIhLfCD1qS08IVA=="
    },
    "@types/socket.io": {
      "version": "1.4.34",
      "resolved": "https://registry.npmjs.org/@types/socket.io/-/socket.io-1.4.34.tgz",
      "integrity": "sha512-f3CZ8AJak0WP71b+AOzx2jkNzpMg7po9zHOhoaAiY3p2Y4lfvnNIQ5b8SQ2NJSXeg2mVgwLz+VTRZnEq6dCNGw==",
      "requires": {
        "@types/node": "10.3.0"
      }
    }
  }
}
